{
  "name": "delaunay.js",
  "version": "1.0.9",
  "lockfileVersion": 3,
  "requires": true,
  "packages": {
    "": {
      "name": "delaunay.js",
      "version": "1.0.9",
      "license": "MIT",
      "dependencies": {
        "vectory-lib": "^0.0.9"
      }
    },
    "node_modules/vectory-lib": {
      "version": "0.0.9",
      "resolved": "https://registry.npmjs.org/vectory-lib/-/vectory-lib-0.0.9.tgz",
      "integrity": "sha512-5UvvJktnduCDEmGzynDQX/RD6yZEkMWMw7NYKBpnODKnPws25M1nuAi3o/cHL3nHisAflTio/7AMg3YFe6shZQ==",
      "license": "MIT"
    }
  }
}
